
Microsoft Visual Studio Solution File, Format Version 12.00
# Visual Studio Version 17
VisualStudioVersion = 17.4.33213.308
MinimumVisualStudioVersion = 10.0.40219.1
Project("{888888A0-9F3D-457C-B088-3A5042F75D52}") = "küsimustik", "küsimustik.pyproj", "{E9D6FF8F-F265-4F43-AE1D-76534C000887}"
EndProject
Global
	GlobalSection(SolutionConfigurationPlatforms) = preSolution
		Debug|Any CPU = Debug|Any CPU
		Release|Any CPU = Release|Any CPU
	EndGlobalSection
	GlobalSection(ProjectConfigurationPlatforms) = postSolution
		{E9D6FF8F-F265-4F43-AE1D-76534C000887}.Debug|Any CPU.ActiveCfg = Debug|Any CPU
		{E9D6FF8F-F265-4F43-AE1D-76534C000887}.Release|Any CPU.ActiveCfg = Release|Any CPU
	EndGlobalSection
	GlobalSection(SolutionProperties) = preSolution
		HideSolutionNode = FALSE
	EndGlobalSection
	GlobalSection(ExtensibilityGlobals) = postSolution
		SolutionGuid = {D1691C50-6721-495F-97D2-6D889502B697}
	EndGlobalSection
EndGlobal
