
Microsoft Visual Studio Solution File, Format Version 12.00
# Visual Studio Version 17
VisualStudioVersion = 17.4.33205.214
MinimumVisualStudioVersion = 10.0.40219.1
Project("{888888A0-9F3D-457C-B088-3A5042F75D52}") = "küsimustik", "küsimustik.pyproj", "{29F15085-5C0B-4CB7-ACA0-57FC72F138CB}"
EndProject
Global
	GlobalSection(SolutionConfigurationPlatforms) = preSolution
		Debug|Any CPU = Debug|Any CPU
		Release|Any CPU = Release|Any CPU
	EndGlobalSection
	GlobalSection(ProjectConfigurationPlatforms) = postSolution
		{29F15085-5C0B-4CB7-ACA0-57FC72F138CB}.Debug|Any CPU.ActiveCfg = Debug|Any CPU
		{29F15085-5C0B-4CB7-ACA0-57FC72F138CB}.Release|Any CPU.ActiveCfg = Release|Any CPU
	EndGlobalSection
	GlobalSection(SolutionProperties) = preSolution
		HideSolutionNode = FALSE
	EndGlobalSection
	GlobalSection(ExtensibilityGlobals) = postSolution
		SolutionGuid = {EBEC3C67-7C77-4EB4-A864-F2F2292E4784}
	EndGlobalSection
EndGlobal
